// !$*UTF8*$!
{
	archiveVersion = 1;
	classes = {
	};
	objectVersion = 56;
	objects = {

/* Begin PBXBuildFile section */
		BB0000000000000000000001 /* MaterApp.swift in Sources */ = {isa = PBXBuildFile; fileRef = AA0000000000000000000001 /* MaterApp.swift */; };
		BB0000000000000000000002 /* AppDelegate.swift in Sources */ = {isa = PBXBuildFile; fileRef = AA0000000000000000000002 /* AppDelegate.swift */; };
		BB0000000000000000000003 /* TimerState.swift in Sources */ = {isa = PBXBuildFile; fileRef = AA0000000000000000000003 /* TimerState.swift */; };
		BB0000000000000000000008 /* WindupSoundGenerator.swift in Sources */ = {isa = PBXBuildFile; fileRef = AA0000000000000000000008 /* WindupSoundGenerator.swift */; };
		BB0000000000000000000009 /* IconGenerator.swift in Sources */ = {isa = PBXBuildFile; fileRef = AA0000000000000000000009 /* IconGenerator.swift */; };
		BB0000000000000000000004 /* StatusItemController.swift in Sources */ = {isa = PBXBuildFile; fileRef = AA0000000000000000000004 /* StatusItemController.swift */; };
		BB0000000000000000000005 /* TimerPanel.swift in Sources */ = {isa = PBXBuildFile; fileRef = AA0000000000000000000005 /* TimerPanel.swift */; };
		BB0000000000000000000006 /* TimerPanelView.swift in Sources */ = {isa = PBXBuildFile; fileRef = AA0000000000000000000006 /* TimerPanelView.swift */; };
		BB0000000000000000000007 /* RulerView.swift in Sources */ = {isa = PBXBuildFile; fileRef = AA0000000000000000000007 /* RulerView.swift */; };
		BB000000000000000000000C /* Assets.xcassets in Resources */ = {isa = PBXBuildFile; fileRef = AA000000000000000000000C /* Assets.xcassets */; };
		BB0000000000000000000011 /* click.wav in Resources */ = {isa = PBXBuildFile; fileRef = AA0000000000000000000011 /* click.wav */; };
		BB0000000000000000000012 /* ding.wav in Resources */ = {isa = PBXBuildFile; fileRef = AA0000000000000000000012 /* ding.wav */; };
		BB0000000000000000000020 /* TimerStateTests.swift in Sources */ = {isa = PBXBuildFile; fileRef = AA0000000000000000000020 /* TimerStateTests.swift */; };
/* End PBXBuildFile section */

/* Begin PBXContainerItemProxy section */
		DD0000000000000000000013 /* PBXContainerItemProxy */ = {
			isa = PBXContainerItemProxy;
			containerPortal = DD0000000000000000000002 /* Project object */;
			proxyType = 1;
			remoteGlobalIDString = DD0000000000000000000001;
			remoteInfo = Mater;
		};
/* End PBXContainerItemProxy section */

/* Begin PBXFileReference section */
		AA0000000000000000000001 /* MaterApp.swift */ = {isa = PBXFileReference; lastKnownFileType = sourcecode.swift; path = MaterApp.swift; sourceTree = "<group>"; };
		AA0000000000000000000002 /* AppDelegate.swift */ = {isa = PBXFileReference; lastKnownFileType = sourcecode.swift; path = AppDelegate.swift; sourceTree = "<group>"; };
		AA0000000000000000000003 /* TimerState.swift */ = {isa = PBXFileReference; lastKnownFileType = sourcecode.swift; path = TimerState.swift; sourceTree = "<group>"; };
		AA0000000000000000000008 /* WindupSoundGenerator.swift */ = {isa = PBXFileReference; lastKnownFileType = sourcecode.swift; path = WindupSoundGenerator.swift; sourceTree = "<group>"; };
		AA0000000000000000000009 /* IconGenerator.swift */ = {isa = PBXFileReference; lastKnownFileType = sourcecode.swift; path = IconGenerator.swift; sourceTree = "<group>"; };
		AA0000000000000000000004 /* StatusItemController.swift */ = {isa = PBXFileReference; lastKnownFileType = sourcecode.swift; path = StatusItemController.swift; sourceTree = "<group>"; };
		AA0000000000000000000005 /* TimerPanel.swift */ = {isa = PBXFileReference; lastKnownFileType = sourcecode.swift; path = TimerPanel.swift; sourceTree = "<group>"; };
		AA0000000000000000000006 /* TimerPanelView.swift */ = {isa = PBXFileReference; lastKnownFileType = sourcecode.swift; path = TimerPanelView.swift; sourceTree = "<group>"; };
		AA0000000000000000000007 /* RulerView.swift */ = {isa = PBXFileReference; lastKnownFileType = sourcecode.swift; path = RulerView.swift; sourceTree = "<group>"; };
		AA000000000000000000000C /* Assets.xcassets */ = {isa = PBXFileReference; lastKnownFileType = folder.assetcatalog; path = Assets.xcassets; sourceTree = "<group>"; };
		AA000000000000000000000D /* Info.plist */ = {isa = PBXFileReference; lastKnownFileType = text.plist.xml; path = Info.plist; sourceTree = "<group>"; };
		AA000000000000000000000E /* Mater.entitlements */ = {isa = PBXFileReference; lastKnownFileType = text.plist.entitlements; path = Mater.entitlements; sourceTree = "<group>"; };
		AA000000000000000000000F /* Mater.app */ = {isa = PBXFileReference; explicitFileType = wrapper.application; includeInIndex = 0; path = Mater.app; sourceTree = BUILT_PRODUCTS_DIR; };
		AA0000000000000000000011 /* click.wav */ = {isa = PBXFileReference; lastKnownFileType = audio.wav; path = click.wav; sourceTree = "<group>"; };
		AA0000000000000000000012 /* ding.wav */ = {isa = PBXFileReference; lastKnownFileType = audio.wav; path = ding.wav; sourceTree = "<group>"; };
		AA0000000000000000000020 /* TimerStateTests.swift */ = {isa = PBXFileReference; lastKnownFileType = sourcecode.swift; path = TimerStateTests.swift; sourceTree = "<group>"; };
		AA0000000000000000000021 /* MaterTests.xctest */ = {isa = PBXFileReference; explicitFileType = wrapper.cfbundle; includeInIndex = 0; path = MaterTests.xctest; sourceTree = BUILT_PRODUCTS_DIR; };
/* End PBXFileReference section */

/* Begin PBXFrameworksBuildPhase section */
		DD0000000000000000000005 /* Frameworks */ = {
			isa = PBXFrameworksBuildPhase;
			buildActionMask = 2147483647;
			files = (
			);
			runOnlyForDeploymentPostprocessing = 0;
		};
		DD0000000000000000000012 /* Frameworks */ = {
			isa = PBXFrameworksBuildPhase;
			buildActionMask = 2147483647;
			files = (
			);
			runOnlyForDeploymentPostprocessing = 0;
		};
/* End PBXFrameworksBuildPhase section */

/* Begin PBXGroup section */
		CC0000000000000000000001 = {
			isa = PBXGroup;
			children = (
				CC0000000000000000000002 /* Mater */,
				CC0000000000000000000009 /* MaterTests */,
				CC0000000000000000000007 /* Products */,
			);
			sourceTree = "<group>";
		};
		CC0000000000000000000002 /* Mater */ = {
			isa = PBXGroup;
			children = (
				CC0000000000000000000003 /* App */,
				CC0000000000000000000008 /* Model */,
				CC0000000000000000000004 /* Panel */,
				CC0000000000000000000005 /* Views */,
				CC0000000000000000000006 /* Sounds */,
				AA000000000000000000000C /* Assets.xcassets */,
				AA000000000000000000000D /* Info.plist */,
				AA000000000000000000000E /* Mater.entitlements */,
			);
			path = Mater;
			sourceTree = "<group>";
		};
		CC0000000000000000000003 /* App */ = {
			isa = PBXGroup;
			children = (
				AA0000000000000000000001 /* MaterApp.swift */,
				AA0000000000000000000002 /* AppDelegate.swift */,
			);
			path = App;
			sourceTree = "<group>";
		};
		CC0000000000000000000008 /* Model */ = {
			isa = PBXGroup;
			children = (
				AA0000000000000000000003 /* TimerState.swift */,
				AA0000000000000000000008 /* WindupSoundGenerator.swift */,
				AA0000000000000000000009 /* IconGenerator.swift */,
			);
			path = Model;
			sourceTree = "<group>";
		};
		CC0000000000000000000004 /* Panel */ = {
			isa = PBXGroup;
			children = (
				AA0000000000000000000004 /* StatusItemController.swift */,
				AA0000000000000000000005 /* TimerPanel.swift */,
			);
			path = Panel;
			sourceTree = "<group>";
		};
		CC0000000000000000000005 /* Views */ = {
			isa = PBXGroup;
			children = (
				AA0000000000000000000006 /* TimerPanelView.swift */,
				AA0000000000000000000007 /* RulerView.swift */,
			);
			path = Views;
			sourceTree = "<group>";
		};
		CC0000000000000000000006 /* Sounds */ = {
			isa = PBXGroup;
			children = (
				AA0000000000000000000011 /* click.wav */,
				AA0000000000000000000012 /* ding.wav */,
			);
			path = Sounds;
			sourceTree = "<group>";
		};
		CC0000000000000000000007 /* Products */ = {
			isa = PBXGroup;
			children = (
				AA000000000000000000000F /* Mater.app */,
				AA0000000000000000000021 /* MaterTests.xctest */,
			);
			name = Products;
			sourceTree = "<group>";
		};
		CC0000000000000000000009 /* MaterTests */ = {
			isa = PBXGroup;
			children = (
				AA0000000000000000000020 /* TimerStateTests.swift */,
			);
			path = MaterTests;
			sourceTree = "<group>";
		};
/* End PBXGroup section */

/* Begin PBXNativeTarget section */
		DD0000000000000000000001 /* Mater */ = {
			isa = PBXNativeTarget;
			buildConfigurationList = FF0000000000000000000001 /* Build configuration list for PBXNativeTarget "Mater" */;
			buildPhases = (
				DD0000000000000000000003 /* Sources */,
				DD0000000000000000000005 /* Frameworks */,
				DD0000000000000000000004 /* Resources */,
			);
			buildRules = (
			);
			dependencies = (
			);
			name = Mater;
			productName = Mater;
			productReference = AA000000000000000000000F /* Mater.app */;
			productType = "com.apple.product-type.application";
		};
		DD0000000000000000000010 /* MaterTests */ = {
			isa = PBXNativeTarget;
			buildConfigurationList = FF0000000000000000000003 /* Build configuration list for PBXNativeTarget "MaterTests" */;
			buildPhases = (
				DD0000000000000000000011 /* Sources */,
				DD0000000000000000000012 /* Frameworks */,
			);
			buildRules = (
			);
			dependencies = (
				DD0000000000000000000014 /* PBXTargetDependency */,
			);
			name = MaterTests;
			productName = MaterTests;
			productReference = AA0000000000000000000021 /* MaterTests.xctest */;
			productType = "com.apple.product-type.bundle.unit-test";
		};
/* End PBXNativeTarget section */

/* Begin PBXTargetDependency section */
		DD0000000000000000000014 /* PBXTargetDependency */ = {
			isa = PBXTargetDependency;
			target = DD0000000000000000000001 /* Mater */;
			targetProxy = DD0000000000000000000013 /* PBXContainerItemProxy */;
		};
/* End PBXTargetDependency section */

/* Begin PBXProject section */
		DD0000000000000000000002 /* Project object */ = {
			isa = PBXProject;
			attributes = {
				BuildIndependentTargetsInParallel = 1;
				LastSwiftUpdateCheck = 1600;
				LastUpgradeCheck = 1600;
			};
			buildConfigurationList = FF0000000000000000000002 /* Build configuration list for PBXProject "Mater" */;
			compatibilityVersion = "Xcode 14.0";
			developmentRegion = en;
			hasScannedForEncodings = 0;
			knownRegions = (
				en,
				Base,
			);
			mainGroup = CC0000000000000000000001;
			productRefGroup = CC0000000000000000000007 /* Products */;
			projectDirPath = "";
			projectRoot = "";
			targets = (
				DD0000000000000000000001 /* Mater */,
				DD0000000000000000000010 /* MaterTests */,
			);
		};
/* End PBXProject section */

/* Begin PBXResourcesBuildPhase section */
		DD0000000000000000000004 /* Resources */ = {
			isa = PBXResourcesBuildPhase;
			buildActionMask = 2147483647;
			files = (
				BB000000000000000000000C /* Assets.xcassets in Resources */,
				BB0000000000000000000011 /* click.wav in Resources */,
				BB0000000000000000000012 /* ding.wav in Resources */,
			);
			runOnlyForDeploymentPostprocessing = 0;
		};
/* End PBXResourcesBuildPhase section */

/* Begin PBXSourcesBuildPhase section */
		DD0000000000000000000003 /* Sources */ = {
			isa = PBXSourcesBuildPhase;
			buildActionMask = 2147483647;
			files = (
				BB0000000000000000000001 /* MaterApp.swift in Sources */,
				BB0000000000000000000002 /* AppDelegate.swift in Sources */,
				BB0000000000000000000003 /* TimerState.swift in Sources */,
				BB0000000000000000000008 /* WindupSoundGenerator.swift in Sources */,
				BB0000000000000000000009 /* IconGenerator.swift in Sources */,
				BB0000000000000000000004 /* StatusItemController.swift in Sources */,
				BB0000000000000000000005 /* TimerPanel.swift in Sources */,
				BB0000000000000000000006 /* TimerPanelView.swift in Sources */,
				BB0000000000000000000007 /* RulerView.swift in Sources */,
			);
			runOnlyForDeploymentPostprocessing = 0;
		};
		DD0000000000000000000011 /* Sources */ = {
			isa = PBXSourcesBuildPhase;
			buildActionMask = 2147483647;
			files = (
				BB0000000000000000000020 /* TimerStateTests.swift in Sources */,
			);
			runOnlyForDeploymentPostprocessing = 0;
		};
/* End PBXSourcesBuildPhase section */

/* Begin XCBuildConfiguration section */
		EE0000000000000000000003 /* Debug */ = {
			isa = XCBuildConfiguration;
			buildSettings = {
				ALWAYS_SEARCH_USER_PATHS = NO;
				CLANG_ANALYZER_NONNULL = YES;
				CLANG_ANALYZER_NUMBER_OBJECT_CONVERSION = YES_AGGRESSIVE;
				CLANG_CXX_LANGUAGE_STANDARD = "gnu++20";
				CLANG_ENABLE_MODULES = YES;
				CLANG_ENABLE_OBJC_ARC = YES;
				CLANG_ENABLE_OBJC_WEAK = YES;
				CLANG_WARN_BLOCK_CAPTURE_AUTORELEASING = YES;
				CLANG_WARN_BOOL_CONVERSION = YES;
				CLANG_WARN_COMMA = YES;
				CLANG_WARN_CONSTANT_CONVERSION = YES;
				CLANG_WARN_DEPRECATED_OBJC_IMPLEMENTATIONS = YES;
				CLANG_WARN_DIRECT_OBJC_ISA_USAGE = YES_ERROR;
				CLANG_WARN_DOCUMENTATION_COMMENTS = YES;
				CLANG_WARN_EMPTY_BODY = YES;
				CLANG_WARN_ENUM_CONVERSION = YES;
				CLANG_WARN_INFINITE_RECURSION = YES;
				CLANG_WARN_INT_CONVERSION = YES;
				CLANG_WARN_NON_LITERAL_NULL_CONVERSION = YES;
				CLANG_WARN_OBJC_IMPLICIT_RETAIN_SELF = YES;
				CLANG_WARN_OBJC_LITERAL_CONVERSION = YES;
				CLANG_WARN_OBJC_ROOT_CLASS = YES_ERROR;
				CLANG_WARN_QUOTED_INCLUDE_IN_FRAMEWORK_HEADER = YES;
				CLANG_WARN_RANGE_LOOP_ANALYSIS = YES;
				CLANG_WARN_STRICT_PROTOTYPES = YES;
				CLANG_WARN_SUSPICIOUS_MOVE = YES;
				CLANG_WARN_UNGUARDED_AVAILABILITY = YES_AGGRESSIVE;
				CLANG_WARN_UNREACHABLE_CODE = YES;
				CLANG_WARN__DUPLICATE_METHOD_MATCH = YES;
				COPY_PHASE_STRIP = NO;
				DEBUG_INFORMATION_FORMAT = dwarf;
				ENABLE_STRICT_OBJC_MSGSEND = YES;
				ENABLE_TESTABILITY = YES;
				GCC_C_LANGUAGE_STANDARD = gnu17;
				GCC_DYNAMIC_NO_PIC = NO;
				GCC_NO_COMMON_BLOCKS = YES;
				GCC_OPTIMIZATION_LEVEL = 0;
				GCC_PREPROCESSOR_DEFINITIONS = (
					"DEBUG=1",
					"$(inherited)",
				);
				GCC_WARN_64_TO_32_BIT_CONVERSION = YES;
				GCC_WARN_ABOUT_RETURN_TYPE = YES_ERROR;
				GCC_WARN_UNDECLARED_SELECTOR = YES;
				GCC_WARN_UNINITIALIZED_AUTOS = YES_AGGRESSIVE;
				GCC_WARN_UNUSED_FUNCTION = YES;
				GCC_WARN_UNUSED_VARIABLE = YES;
				MACOSX_DEPLOYMENT_TARGET = 14.0;
				MTL_ENABLE_DEBUG_INFO = INCLUDE_SOURCE;
				MTL_FAST_MATH = YES;
				ONLY_ACTIVE_ARCH = YES;
				SDKROOT = macosx;
				SWIFT_ACTIVE_COMPILATION_CONDITIONS = "$(inherited) DEBUG";
				SWIFT_OPTIMIZATION_LEVEL = "-Onone";
			};
			name = Debug;
		};
		EE0000000000000000000004 /* Release */ = {
			isa = XCBuildConfiguration;
			buildSettings = {
				ALWAYS_SEARCH_USER_PATHS = NO;
				CLANG_ANALYZER_NONNULL = YES;
				CLANG_ANALYZER_NUMBER_OBJECT_CONVERSION = YES_AGGRESSIVE;
				CLANG_CXX_LANGUAGE_STANDARD = "gnu++20";
				CLANG_ENABLE_MODULES = YES;
				CLANG_ENABLE_OBJC_ARC = YES;
				CLANG_ENABLE_OBJC_WEAK = YES;
				CLANG_WARN_BLOCK_CAPTURE_AUTORELEASING = YES;
				CLANG_WARN_BOOL_CONVERSION = YES;
				CLANG_WARN_COMMA = YES;
				CLANG_WARN_CONSTANT_CONVERSION = YES;
				CLANG_WARN_DEPRECATED_OBJC_IMPLEMENTATIONS = YES;
				CLANG_WARN_DIRECT_OBJC_ISA_USAGE = YES_ERROR;
				CLANG_WARN_DOCUMENTATION_COMMENTS = YES;
				CLANG_WARN_EMPTY_BODY = YES;
				CLANG_WARN_ENUM_CONVERSION = YES;
				CLANG_WARN_INFINITE_RECURSION = YES;
				CLANG_WARN_INT_CONVERSION = YES;
				CLANG_WARN_NON_LITERAL_NULL_CONVERSION = YES;
				CLANG_WARN_OBJC_IMPLICIT_RETAIN_SELF = YES;
				CLANG_WARN_OBJC_LITERAL_CONVERSION = YES;
				CLANG_WARN_OBJC_ROOT_CLASS = YES_ERROR;
				CLANG_WARN_QUOTED_INCLUDE_IN_FRAMEWORK_HEADER = YES;
				CLANG_WARN_RANGE_LOOP_ANALYSIS = YES;
				CLANG_WARN_STRICT_PROTOTYPES = YES;
				CLANG_WARN_SUSPICIOUS_MOVE = YES;
				CLANG_WARN_UNGUARDED_AVAILABILITY = YES_AGGRESSIVE;
				CLANG_WARN_UNREACHABLE_CODE = YES;
				CLANG_WARN__DUPLICATE_METHOD_MATCH = YES;
				COPY_PHASE_STRIP = NO;
				DEBUG_INFORMATION_FORMAT = "dwarf-with-dsym";
				ENABLE_NS_ASSERTIONS = NO;
				ENABLE_STRICT_OBJC_MSGSEND = YES;
				GCC_C_LANGUAGE_STANDARD = gnu17;
				GCC_NO_COMMON_BLOCKS = YES;
				GCC_WARN_64_TO_32_BIT_CONVERSION = YES;
				GCC_WARN_ABOUT_RETURN_TYPE = YES_ERROR;
				GCC_WARN_UNDECLARED_SELECTOR = YES;
				GCC_WARN_UNINITIALIZED_AUTOS = YES_AGGRESSIVE;
				GCC_WARN_UNUSED_FUNCTION = YES;
				GCC_WARN_UNUSED_VARIABLE = YES;
				MACOSX_DEPLOYMENT_TARGET = 14.0;
				MTL_FAST_MATH = YES;
				SDKROOT = macosx;
				SWIFT_COMPILATION_MODE = wholemodule;
				SWIFT_OPTIMIZATION_LEVEL = "-O";
			};
			name = Release;
		};
		EE0000000000000000000001 /* Debug */ = {
			isa = XCBuildConfiguration;
			buildSettings = {
				ASSETCATALOG_COMPILER_APPICON_NAME = AppIcon;
				ASSETCATALOG_COMPILER_GLOBAL_ACCENT_COLOR_NAME = AccentColor;
				CODE_SIGN_IDENTITY = "-";
				CODE_SIGN_STYLE = Automatic;
				COMBINE_HIDPI_IMAGES = YES;
				CURRENT_PROJECT_VERSION = 1;
				GENERATE_INFOPLIST_FILE = YES;
				INFOPLIST_FILE = Mater/Info.plist;
				INFOPLIST_KEY_NSHumanReadableCopyright = "";
				LD_RUNPATH_SEARCH_PATHS = (
					"$(inherited)",
					"@executable_path/../Frameworks",
				);
				MARKETING_VERSION = 1.0.0;
				PRODUCT_BUNDLE_IDENTIFIER = com.jasonlong.mater;
				PRODUCT_NAME = "$(TARGET_NAME)";
				SWIFT_EMIT_LOC_STRINGS = YES;
				SWIFT_VERSION = 5.0;
			};
			name = Debug;
		};
		EE0000000000000000000002 /* Release */ = {
			isa = XCBuildConfiguration;
			buildSettings = {
				ASSETCATALOG_COMPILER_APPICON_NAME = AppIcon;
				ASSETCATALOG_COMPILER_GLOBAL_ACCENT_COLOR_NAME = AccentColor;
				CODE_SIGN_ENTITLEMENTS = Mater/Mater.entitlements;
				CODE_SIGN_STYLE = Automatic;
				COMBINE_HIDPI_IMAGES = YES;
				CURRENT_PROJECT_VERSION = 1;
				ENABLE_HARDENED_RUNTIME = YES;
				GENERATE_INFOPLIST_FILE = YES;
				INFOPLIST_FILE = Mater/Info.plist;
				INFOPLIST_KEY_NSHumanReadableCopyright = "";
				LD_RUNPATH_SEARCH_PATHS = (
					"$(inherited)",
					"@executable_path/../Frameworks",
				);
				MARKETING_VERSION = 1.0.0;
				PRODUCT_BUNDLE_IDENTIFIER = com.jasonlong.mater;
				PRODUCT_NAME = "$(TARGET_NAME)";
				SWIFT_EMIT_LOC_STRINGS = YES;
				SWIFT_VERSION = 5.0;
			};
			name = Release;
		};
		EE0000000000000000000005 /* Debug */ = {
			isa = XCBuildConfiguration;
			buildSettings = {
				BUNDLE_LOADER = "$(TEST_HOST)";
				CODE_SIGN_STYLE = Automatic;
				CURRENT_PROJECT_VERSION = 1;
				GENERATE_INFOPLIST_FILE = YES;
				PRODUCT_BUNDLE_IDENTIFIER = com.jasonlong.mater.tests;
				PRODUCT_NAME = "$(TARGET_NAME)";
				SWIFT_EMIT_LOC_STRINGS = NO;
				SWIFT_VERSION = 5.0;
				TEST_HOST = "$(BUILT_PRODUCTS_DIR)/Mater.app/Contents/MacOS/Mater";
			};
			name = Debug;
		};
		EE0000000000000000000006 /* Release */ = {
			isa = XCBuildConfiguration;
			buildSettings = {
				BUNDLE_LOADER = "$(TEST_HOST)";
				CODE_SIGN_STYLE = Automatic;
				CURRENT_PROJECT_VERSION = 1;
				GENERATE_INFOPLIST_FILE = YES;
				PRODUCT_BUNDLE_IDENTIFIER = com.jasonlong.mater.tests;
				PRODUCT_NAME = "$(TARGET_NAME)";
				SWIFT_EMIT_LOC_STRINGS = NO;
				SWIFT_VERSION = 5.0;
				TEST_HOST = "$(BUILT_PRODUCTS_DIR)/Mater.app/Contents/MacOS/Mater";
			};
			name = Release;
		};
/* End XCBuildConfiguration section */

/* Begin XCConfigurationList section */
		FF0000000000000000000002 /* Build configuration list for PBXProject "Mater" */ = {
			isa = XCConfigurationList;
			buildConfigurations = (
				EE0000000000000000000003 /* Debug */,
				EE0000000000000000000004 /* Release */,
			);
			defaultConfigurationIsVisible = 0;
			defaultConfigurationName = Release;
		};
		FF0000000000000000000001 /* Build configuration list for PBXNativeTarget "Mater" */ = {
			isa = XCConfigurationList;
			buildConfigurations = (
				EE0000000000000000000001 /* Debug */,
				EE0000000000000000000002 /* Release */,
			);
			defaultConfigurationIsVisible = 0;
			defaultConfigurationName = Release;
		};
		FF0000000000000000000003 /* Build configuration list for PBXNativeTarget "MaterTests" */ = {
			isa = XCConfigurationList;
			buildConfigurations = (
				EE0000000000000000000005 /* Debug */,
				EE0000000000000000000006 /* Release */,
			);
			defaultConfigurationIsVisible = 0;
			defaultConfigurationName = Release;
		};
/* End XCConfigurationList section */

	};
	rootObject = DD0000000000000000000002 /* Project object */;
}
